
Microsoft Visual Studio Solution File, Format Version 12.00
# Visual Studio Version 17
VisualStudioVersion = 17.9.34728.123
MinimumVisualStudioVersion = 10.0.40219.1
Project("{FAE04EC0-301F-11D3-BF4B-00C04F79EFBC}") = "gestlab_relatorio", "gestlab_relatorio\gestlab_relatorio.csproj", "{97A2BCA2-5BA9-4710-9A88-F3B83C9E2D55}"
EndProject
Global
	GlobalSection(SolutionConfigurationPlatforms) = preSolution
		Debug|Any CPU = Debug|Any CPU
		Release|Any CPU = Release|Any CPU
	EndGlobalSection
	GlobalSection(ProjectConfigurationPlatforms) = postSolution
		{97A2BCA2-5BA9-4710-9A88-F3B83C9E2D55}.Debug|Any CPU.ActiveCfg = Debug|Any CPU
		{97A2BCA2-5BA9-4710-9A88-F3B83C9E2D55}.Debug|Any CPU.Build.0 = Debug|Any CPU
		{97A2BCA2-5BA9-4710-9A88-F3B83C9E2D55}.Release|Any CPU.ActiveCfg = Release|Any CPU
		{97A2BCA2-5BA9-4710-9A88-F3B83C9E2D55}.Release|Any CPU.Build.0 = Release|Any CPU
	EndGlobalSection
	GlobalSection(SolutionProperties) = preSolution
		HideSolutionNode = FALSE
	EndGlobalSection
	GlobalSection(ExtensibilityGlobals) = postSolution
		SolutionGuid = {CBC5D9E3-3014-4B02-98B3-296B1FF77A73}
	EndGlobalSection
EndGlobal
